
Microsoft Visual Studio Solution File, Format Version 12.00
# Visual Studio Version 17
VisualStudioVersion = 17.11.35303.130
MinimumVisualStudioVersion = 10.0.40219.1
Project("{FAE04EC0-301F-11D3-BF4B-00C04F79EFBC}") = "ContactManagerT", "ContactManagerT.csproj", "{8F163F14-B075-4894-A5FB-E4E7110015DB}"
EndProject
Global
	GlobalSection(SolutionConfigurationPlatforms) = preSolution
		Debug|Any CPU = Debug|Any CPU
		Release|Any CPU = Release|Any CPU
	EndGlobalSection
	GlobalSection(ProjectConfigurationPlatforms) = postSolution
		{8F163F14-B075-4894-A5FB-E4E7110015DB}.Debug|Any CPU.ActiveCfg = Debug|Any CPU
		{8F163F14-B075-4894-A5FB-E4E7110015DB}.Debug|Any CPU.Build.0 = Debug|Any CPU
		{8F163F14-B075-4894-A5FB-E4E7110015DB}.Release|Any CPU.ActiveCfg = Release|Any CPU
		{8F163F14-B075-4894-A5FB-E4E7110015DB}.Release|Any CPU.Build.0 = Release|Any CPU
	EndGlobalSection
	GlobalSection(SolutionProperties) = preSolution
		HideSolutionNode = FALSE
	EndGlobalSection
	GlobalSection(ExtensibilityGlobals) = postSolution
		SolutionGuid = {AF75C922-61E9-4412-99E0-08230C1856ED}
	EndGlobalSection
EndGlobal
